// !$*UTF8*$!
{
	archiveVersion = 1;
	classes = {
	};
	objectVersion = 50;
	objects = {

/* Begin PBXBuildFile section */
		0A154F9D26C14E1100968129 /* ARViewController.swift in Sources */ = {isa = PBXBuildFile; fileRef = 0A154F9C26C14E1100968129 /* ARViewController.swift */; };
		0A64C9AF26BBA7F1007A1131 /* libopencv_imgproc.a in Frameworks */ = {isa = PBXBuildFile; fileRef = 0A64C9A326BBA7ED007A1131 /* libopencv_imgproc.a */; };
		0A64C9B026BBA7F1007A1131 /* Accelerate.framework in Frameworks */ = {isa = PBXBuildFile; fileRef = 0A64C9AA26BBA7ED007A1131 /* Accelerate.framework */; };
		0A64C9B126BBA7F1007A1131 /* libCardIO.a in Frameworks */ = {isa = PBXBuildFile; fileRef = 0A64C9AB26BBA7EF007A1131 /* libCardIO.a */; };
		0A64C9B226BBA7F1007A1131 /* libopencv_core.a in Frameworks */ = {isa = PBXBuildFile; fileRef = 0A64C9AC26BBA7F1007A1131 /* libopencv_core.a */; };
		0A64C9B826BBD5C2007A1131 /* User.swift in Sources */ = {isa = PBXBuildFile; fileRef = 0A64C9B726BBD5C2007A1131 /* User.swift */; };
		0A76AD5B26B9C35500427B4C /* AppDelegate.swift in Sources */ = {isa = PBXBuildFile; fileRef = 0A76AD5A26B9C35500427B4C /* AppDelegate.swift */; };
		0A76AD5D26B9C35500427B4C /* SceneDelegate.swift in Sources */ = {isa = PBXBuildFile; fileRef = 0A76AD5C26B9C35500427B4C /* SceneDelegate.swift */; };
		0A76AD5F26B9C35500427B4C /* ViewController.swift in Sources */ = {isa = PBXBuildFile; fileRef = 0A76AD5E26B9C35500427B4C /* ViewController.swift */; };
		0A76AD6226B9C35500427B4C /* Main.storyboard in Resources */ = {isa = PBXBuildFile; fileRef = 0A76AD6026B9C35500427B4C /* Main.storyboard */; };
		0A76AD6426B9C35900427B4C /* Assets.xcassets in Resources */ = {isa = PBXBuildFile; fileRef = 0A76AD6326B9C35900427B4C /* Assets.xcassets */; };
		0A76AD6726B9C35900427B4C /* LaunchScreen.storyboard in Resources */ = {isa = PBXBuildFile; fileRef = 0A76AD6526B9C35900427B4C /* LaunchScreen.storyboard */; };
		0A76ADD926BAA9F100427B4C /* Settings.bundle in Resources */ = {isa = PBXBuildFile; fileRef = 0A76ADD826BAA9F100427B4C /* Settings.bundle */; };
		0ACC468C26C1527500F0EA6E /* art.scnassets in Resources */ = {isa = PBXBuildFile; fileRef = 0ACC468B26C1527500F0EA6E /* art.scnassets */; };
		0AD5FB2D26CB8324009D4853 /* CreditCard.swift in Sources */ = {isa = PBXBuildFile; fileRef = 0AD5FB2C26CB8324009D4853 /* CreditCard.swift */; };
		0AD5FB3026CB87FC009D4853 /* NetworkHandler.swift in Sources */ = {isa = PBXBuildFile; fileRef = 0AD5FB2F26CB87FC009D4853 /* NetworkHandler.swift */; };
/* End PBXBuildFile section */

/* Begin PBXFileReference section */
		0A154F9C26C14E1100968129 /* ARViewController.swift */ = {isa = PBXFileReference; lastKnownFileType = sourcecode.swift; path = ARViewController.swift; sourceTree = "<group>"; };
		0A64C9A326BBA7ED007A1131 /* libopencv_imgproc.a */ = {isa = PBXFileReference; lastKnownFileType = archive.ar; path = libopencv_imgproc.a; sourceTree = "<group>"; };
		0A64C9A426BBA7ED007A1131 /* CardIODetectionMode.h */ = {isa = PBXFileReference; fileEncoding = 4; lastKnownFileType = sourcecode.c.h; path = CardIODetectionMode.h; sourceTree = "<group>"; };
		0A64C9A526BBA7ED007A1131 /* CardIOPaymentViewController.h */ = {isa = PBXFileReference; fileEncoding = 4; lastKnownFileType = sourcecode.c.h; path = CardIOPaymentViewController.h; sourceTree = "<group>"; };
		0A64C9A626BBA7ED007A1131 /* CardIO.h */ = {isa = PBXFileReference; fileEncoding = 4; lastKnownFileType = sourcecode.c.h; path = CardIO.h; sourceTree = "<group>"; };
		0A64C9A726BBA7ED007A1131 /* CardIOPaymentViewControllerDelegate.h */ = {isa = PBXFileReference; fileEncoding = 4; lastKnownFileType = sourcecode.c.h; path = CardIOPaymentViewControllerDelegate.h; sourceTree = "<group>"; };
		0A64C9A826BBA7ED007A1131 /* CardIOView.h */ = {isa = PBXFileReference; fileEncoding = 4; lastKnownFileType = sourcecode.c.h; path = CardIOView.h; sourceTree = "<group>"; };
		0A64C9A926BBA7ED007A1131 /* CardIOViewDelegate.h */ = {isa = PBXFileReference; fileEncoding = 4; lastKnownFileType = sourcecode.c.h; path = CardIOViewDelegate.h; sourceTree = "<group>"; };
		0A64C9AA26BBA7ED007A1131 /* Accelerate.framework */ = {isa = PBXFileReference; lastKnownFileType = wrapper.framework; name = Accelerate.framework; path = System/Library/Frameworks/Accelerate.framework; sourceTree = SDKROOT; };
		0A64C9AB26BBA7EF007A1131 /* libCardIO.a */ = {isa = PBXFileReference; lastKnownFileType = archive.ar; path = libCardIO.a; sourceTree = "<group>"; };
		0A64C9AC26BBA7F1007A1131 /* libopencv_core.a */ = {isa = PBXFileReference; lastKnownFileType = archive.ar; path = libopencv_core.a; sourceTree = "<group>"; };
		0A64C9AD26BBA7F1007A1131 /* CardIOUtilities.h */ = {isa = PBXFileReference; fileEncoding = 4; lastKnownFileType = sourcecode.c.h; path = CardIOUtilities.h; sourceTree = "<group>"; };
		0A64C9AE26BBA7F1007A1131 /* CardIOCreditCardInfo.h */ = {isa = PBXFileReference; fileEncoding = 4; lastKnownFileType = sourcecode.c.h; path = CardIOCreditCardInfo.h; sourceTree = "<group>"; };
		0A64C9B326BBA875007A1131 /* ARBoost-Bridging-Header.h */ = {isa = PBXFileReference; lastKnownFileType = sourcecode.c.h; path = "ARBoost-Bridging-Header.h"; sourceTree = "<group>"; };
		0A64C9B726BBD5C2007A1131 /* User.swift */ = {isa = PBXFileReference; lastKnownFileType = sourcecode.swift; path = User.swift; sourceTree = "<group>"; };
		0A76AD5726B9C35500427B4C /* ARBoost.app */ = {isa = PBXFileReference; explicitFileType = wrapper.application; includeInIndex = 0; path = ARBoost.app; sourceTree = BUILT_PRODUCTS_DIR; };
		0A76AD5A26B9C35500427B4C /* AppDelegate.swift */ = {isa = PBXFileReference; lastKnownFileType = sourcecode.swift; path = AppDelegate.swift; sourceTree = "<group>"; };
		0A76AD5C26B9C35500427B4C /* SceneDelegate.swift */ = {isa = PBXFileReference; lastKnownFileType = sourcecode.swift; path = SceneDelegate.swift; sourceTree = "<group>"; };
		0A76AD5E26B9C35500427B4C /* ViewController.swift */ = {isa = PBXFileReference; lastKnownFileType = sourcecode.swift; path = ViewController.swift; sourceTree = "<group>"; };
		0A76AD6126B9C35500427B4C /* Base */ = {isa = PBXFileReference; lastKnownFileType = file.storyboard; name = Base; path = Base.lproj/Main.storyboard; sourceTree = "<group>"; };
		0A76AD6326B9C35900427B4C /* Assets.xcassets */ = {isa = PBXFileReference; lastKnownFileType = folder.assetcatalog; path = Assets.xcassets; sourceTree = "<group>"; };
		0A76AD6626B9C35900427B4C /* Base */ = {isa = PBXFileReference; lastKnownFileType = file.storyboard; name = Base; path = Base.lproj/LaunchScreen.storyboard; sourceTree = "<group>"; };
		0A76AD6826B9C35900427B4C /* Info.plist */ = {isa = PBXFileReference; lastKnownFileType = text.plist.xml; path = Info.plist; sourceTree = "<group>"; };
		0A76ADD826BAA9F100427B4C /* Settings.bundle */ = {isa = PBXFileReference; lastKnownFileType = "wrapper.plug-in"; path = Settings.bundle; sourceTree = "<group>"; };
		0ACC468B26C1527500F0EA6E /* art.scnassets */ = {isa = PBXFileReference; lastKnownFileType = wrapper.scnassets; path = art.scnassets; sourceTree = "<group>"; };
		0AD5FB2C26CB8324009D4853 /* CreditCard.swift */ = {isa = PBXFileReference; lastKnownFileType = sourcecode.swift; path = CreditCard.swift; sourceTree = "<group>"; };
		0AD5FB2F26CB87FC009D4853 /* NetworkHandler.swift */ = {isa = PBXFileReference; lastKnownFileType = sourcecode.swift; path = NetworkHandler.swift; sourceTree = "<group>"; };
/* End PBXFileReference section */

/* Begin PBXFrameworksBuildPhase section */
		0A76AD5426B9C35500427B4C /* Frameworks */ = {
			isa = PBXFrameworksBuildPhase;
			buildActionMask = 2147483647;
			files = (
				0A64C9AF26BBA7F1007A1131 /* libopencv_imgproc.a in Frameworks */,
				0A64C9B226BBA7F1007A1131 /* libopencv_core.a in Frameworks */,
				0A64C9B126BBA7F1007A1131 /* libCardIO.a in Frameworks */,
				0A64C9B026BBA7F1007A1131 /* Accelerate.framework in Frameworks */,
			);
			runOnlyForDeploymentPostprocessing = 0;
		};
/* End PBXFrameworksBuildPhase section */

/* Begin PBXGroup section */
		0A64C9A226BBA7D7007A1131 /* CardIO */ = {
			isa = PBXGroup;
			children = (
				0A64C9AA26BBA7ED007A1131 /* Accelerate.framework */,
				0A64C9A626BBA7ED007A1131 /* CardIO.h */,
				0A64C9AE26BBA7F1007A1131 /* CardIOCreditCardInfo.h */,
				0A64C9A426BBA7ED007A1131 /* CardIODetectionMode.h */,
				0A64C9A526BBA7ED007A1131 /* CardIOPaymentViewController.h */,
				0A64C9A726BBA7ED007A1131 /* CardIOPaymentViewControllerDelegate.h */,
				0A64C9AD26BBA7F1007A1131 /* CardIOUtilities.h */,
				0A64C9A826BBA7ED007A1131 /* CardIOView.h */,
				0A64C9A926BBA7ED007A1131 /* CardIOViewDelegate.h */,
				0A64C9AB26BBA7EF007A1131 /* libCardIO.a */,
				0A64C9AC26BBA7F1007A1131 /* libopencv_core.a */,
				0A64C9A326BBA7ED007A1131 /* libopencv_imgproc.a */,
			);
			path = CardIO;
			sourceTree = "<group>";
		};
		0A64C9B426BBD563007A1131 /* Model */ = {
			isa = PBXGroup;
			children = (
				0A64C9B726BBD5C2007A1131 /* User.swift */,
				0AD5FB2C26CB8324009D4853 /* CreditCard.swift */,
				0AD5FB2F26CB87FC009D4853 /* NetworkHandler.swift */,
			);
			path = Model;
			sourceTree = "<group>";
		};
		0A64C9B526BBD56A007A1131 /* View */ = {
			isa = PBXGroup;
			children = (
				0A76AD6026B9C35500427B4C /* Main.storyboard */,
			);
			path = View;
			sourceTree = "<group>";
		};
		0A64C9B626BBD570007A1131 /* Controller */ = {
			isa = PBXGroup;
			children = (
				0A76AD5E26B9C35500427B4C /* ViewController.swift */,
				0A154F9C26C14E1100968129 /* ARViewController.swift */,
			);
			path = Controller;
			sourceTree = "<group>";
		};
		0A76AD4E26B9C35400427B4C = {
			isa = PBXGroup;
			children = (
				0A64C9A226BBA7D7007A1131 /* CardIO */,
				0A76ADD626BAA9CD00427B4C /* Resources */,
				0A76AD5926B9C35500427B4C /* ARBoost */,
				0A76AD5826B9C35500427B4C /* Products */,
			);
			sourceTree = "<group>";
		};
		0A76AD5826B9C35500427B4C /* Products */ = {
			isa = PBXGroup;
			children = (
				0A76AD5726B9C35500427B4C /* ARBoost.app */,
			);
			name = Products;
			sourceTree = "<group>";
		};
		0A76AD5926B9C35500427B4C /* ARBoost */ = {
			isa = PBXGroup;
			children = (
				0A76AD5A26B9C35500427B4C /* AppDelegate.swift */,
				0A76AD5C26B9C35500427B4C /* SceneDelegate.swift */,
				0A64C9B426BBD563007A1131 /* Model */,
				0A64C9B526BBD56A007A1131 /* View */,
				0A64C9B626BBD570007A1131 /* Controller */,
				0A76AD6326B9C35900427B4C /* Assets.xcassets */,
				0ACC468B26C1527500F0EA6E /* art.scnassets */,
				0A76AD6526B9C35900427B4C /* LaunchScreen.storyboard */,
				0A76AD6826B9C35900427B4C /* Info.plist */,
				0A64C9B326BBA875007A1131 /* ARBoost-Bridging-Header.h */,
			);
			path = ARBoost;
			sourceTree = "<group>";
		};
		0A76ADD626BAA9CD00427B4C /* Resources */ = {
			isa = PBXGroup;
			children = (
				0A76ADD826BAA9F100427B4C /* Settings.bundle */,
			);
			path = Resources;
			sourceTree = "<group>";
		};
/* End PBXGroup section */

/* Begin PBXNativeTarget section */
		0A76AD5626B9C35500427B4C /* ARBoost */ = {
			isa = PBXNativeTarget;
			buildConfigurationList = 0A76AD6B26B9C35900427B4C /* Build configuration list for PBXNativeTarget "ARBoost" */;
			buildPhases = (
				0A76AD5326B9C35500427B4C /* Sources */,
				0A76AD5426B9C35500427B4C /* Frameworks */,
				0A76AD5526B9C35500427B4C /* Resources */,
				0AD5FB2B26C66A14009D4853 /* ShellScript */,
			);
			buildRules = (
			);
			dependencies = (
			);
			name = ARBoost;
			productName = ARBoost;
			productReference = 0A76AD5726B9C35500427B4C /* ARBoost.app */;
			productType = "com.apple.product-type.application";
		};
/* End PBXNativeTarget section */

/* Begin PBXProject section */
		0A76AD4F26B9C35400427B4C /* Project object */ = {
			isa = PBXProject;
			attributes = {
				LastSwiftUpdateCheck = 1250;
				LastUpgradeCheck = 1250;
				TargetAttributes = {
					0A76AD5626B9C35500427B4C = {
						CreatedOnToolsVersion = 12.5.1;
					};
				};
			};
			buildConfigurationList = 0A76AD5226B9C35400427B4C /* Build configuration list for PBXProject "ARBoost" */;
			compatibilityVersion = "Xcode 9.3";
			developmentRegion = en;
			hasScannedForEncodings = 0;
			knownRegions = (
				en,
				Base,
			);
			mainGroup = 0A76AD4E26B9C35400427B4C;
			productRefGroup = 0A76AD5826B9C35500427B4C /* Products */;
			projectDirPath = "";
			projectRoot = "";
			targets = (
				0A76AD5626B9C35500427B4C /* ARBoost */,
			);
		};
/* End PBXProject section */

/* Begin PBXResourcesBuildPhase section */
		0A76AD5526B9C35500427B4C /* Resources */ = {
			isa = PBXResourcesBuildPhase;
			buildActionMask = 2147483647;
			files = (
				0A76ADD926BAA9F100427B4C /* Settings.bundle in Resources */,
				0A76AD6726B9C35900427B4C /* LaunchScreen.storyboard in Resources */,
				0ACC468C26C1527500F0EA6E /* art.scnassets in Resources */,
				0A76AD6426B9C35900427B4C /* Assets.xcassets in Resources */,
				0A76AD6226B9C35500427B4C /* Main.storyboard in Resources */,
			);
			runOnlyForDeploymentPostprocessing = 0;
		};
/* End PBXResourcesBuildPhase section */

/* Begin PBXShellScriptBuildPhase section */
		0AD5FB2B26C66A14009D4853 /* ShellScript */ = {
			isa = PBXShellScriptBuildPhase;
			buildActionMask = 2147483647;
			files = (
			);
			inputFileListPaths = (
			);
			inputPaths = (
			);
			outputFileListPaths = (
			);
			outputPaths = (
			);
			runOnlyForDeploymentPostprocessing = 0;
			shellPath = /bin/sh;
			shellScript = "# Type a script or drag a script file from your workspace to insert its path.\nxattr -cr ~/Library/Developer/Xcode/DerivedData || echo Clear\n";
		};
/* End PBXShellScriptBuildPhase section */

/* Begin PBXSourcesBuildPhase section */
		0A76AD5326B9C35500427B4C /* Sources */ = {
			isa = PBXSourcesBuildPhase;
			buildActionMask = 2147483647;
			files = (
				0AD5FB2D26CB8324009D4853 /* CreditCard.swift in Sources */,
				0A64C9B826BBD5C2007A1131 /* User.swift in Sources */,
				0A76AD5F26B9C35500427B4C /* ViewController.swift in Sources */,
				0A76AD5B26B9C35500427B4C /* AppDelegate.swift in Sources */,
				0A76AD5D26B9C35500427B4C /* SceneDelegate.swift in Sources */,
				0A154F9D26C14E1100968129 /* ARViewController.swift in Sources */,
				0AD5FB3026CB87FC009D4853 /* NetworkHandler.swift in Sources */,
			);
			runOnlyForDeploymentPostprocessing = 0;
		};
/* End PBXSourcesBuildPhase section */

/* Begin PBXVariantGroup section */
		0A76AD6026B9C35500427B4C /* Main.storyboard */ = {
			isa = PBXVariantGroup;
			children = (
				0A76AD6126B9C35500427B4C /* Base */,
			);
			name = Main.storyboard;
			sourceTree = "<group>";
		};
		0A76AD6526B9C35900427B4C /* LaunchScreen.storyboard */ = {
			isa = PBXVariantGroup;
			children = (
				0A76AD6626B9C35900427B4C /* Base */,
			);
			name = LaunchScreen.storyboard;
			sourceTree = "<group>";
		};
/* End PBXVariantGroup section */

/* Begin XCBuildConfiguration section */
		0A76AD6926B9C35900427B4C /* Debug */ = {
			isa = XCBuildConfiguration;
			buildSettings = {
				ALWAYS_SEARCH_USER_PATHS = NO;
				CLANG_ANALYZER_NONNULL = YES;
				CLANG_ANALYZER_NUMBER_OBJECT_CONVERSION = YES_AGGRESSIVE;
				CLANG_CXX_LANGUAGE_STANDARD = "gnu++14";
				CLANG_CXX_LIBRARY = "libc++";
				CLANG_ENABLE_MODULES = YES;
				CLANG_ENABLE_OBJC_ARC = YES;
				CLANG_ENABLE_OBJC_WEAK = YES;
				CLANG_WARN_BLOCK_CAPTURE_AUTORELEASING = YES;
				CLANG_WARN_BOOL_CONVERSION = YES;
				CLANG_WARN_COMMA = YES;
				CLANG_WARN_CONSTANT_CONVERSION = YES;
				CLANG_WARN_DEPRECATED_OBJC_IMPLEMENTATIONS = YES;
				CLANG_WARN_DIRECT_OBJC_ISA_USAGE = YES_ERROR;
				CLANG_WARN_DOCUMENTATION_COMMENTS = YES;
				CLANG_WARN_EMPTY_BODY = YES;
				CLANG_WARN_ENUM_CONVERSION = YES;
				CLANG_WARN_INFINITE_RECURSION = YES;
				CLANG_WARN_INT_CONVERSION = YES;
				CLANG_WARN_NON_LITERAL_NULL_CONVERSION = YES;
				CLANG_WARN_OBJC_IMPLICIT_RETAIN_SELF = YES;
				CLANG_WARN_OBJC_LITERAL_CONVERSION = YES;
				CLANG_WARN_OBJC_ROOT_CLASS = YES_ERROR;
				CLANG_WARN_QUOTED_INCLUDE_IN_FRAMEWORK_HEADER = YES;
				CLANG_WARN_RANGE_LOOP_ANALYSIS = YES;
				CLANG_WARN_STRICT_PROTOTYPES = YES;
				CLANG_WARN_SUSPICIOUS_MOVE = YES;
				CLANG_WARN_UNGUARDED_AVAILABILITY = YES_AGGRESSIVE;
				CLANG_WARN_UNREACHABLE_CODE = YES;
				CLANG_WARN__DUPLICATE_METHOD_MATCH = YES;
				COPY_PHASE_STRIP = NO;
				DEBUG_INFORMATION_FORMAT = dwarf;
				ENABLE_STRICT_OBJC_MSGSEND = YES;
				ENABLE_TESTABILITY = YES;
				GCC_C_LANGUAGE_STANDARD = gnu11;
				GCC_DYNAMIC_NO_PIC = NO;
				GCC_NO_COMMON_BLOCKS = YES;
				GCC_OPTIMIZATION_LEVEL = 0;
				GCC_PREPROCESSOR_DEFINITIONS = (
					"DEBUG=1",
					"$(inherited)",
				);
				GCC_WARN_64_TO_32_BIT_CONVERSION = YES;
				GCC_WARN_ABOUT_RETURN_TYPE = YES_ERROR;
				GCC_WARN_UNDECLARED_SELECTOR = YES;
				GCC_WARN_UNINITIALIZED_AUTOS = YES_AGGRESSIVE;
				GCC_WARN_UNUSED_FUNCTION = YES;
				GCC_WARN_UNUSED_VARIABLE = YES;
				IPHONEOS_DEPLOYMENT_TARGET = 14.5;
				MTL_ENABLE_DEBUG_INFO = INCLUDE_SOURCE;
				MTL_FAST_MATH = YES;
				ONLY_ACTIVE_ARCH = YES;
				SDKROOT = iphoneos;
				SWIFT_ACTIVE_COMPILATION_CONDITIONS = DEBUG;
				SWIFT_OPTIMIZATION_LEVEL = "-Onone";
			};
			name = Debug;
		};
		0A76AD6A26B9C35900427B4C /* Release */ = {
			isa = XCBuildConfiguration;
			buildSettings = {
				ALWAYS_SEARCH_USER_PATHS = NO;
				CLANG_ANALYZER_NONNULL = YES;
				CLANG_ANALYZER_NUMBER_OBJECT_CONVERSION = YES_AGGRESSIVE;
				CLANG_CXX_LANGUAGE_STANDARD = "gnu++14";
				CLANG_CXX_LIBRARY = "libc++";
				CLANG_ENABLE_MODULES = YES;
				CLANG_ENABLE_OBJC_ARC = YES;
				CLANG_ENABLE_OBJC_WEAK = YES;
				CLANG_WARN_BLOCK_CAPTURE_AUTORELEASING = YES;
				CLANG_WARN_BOOL_CONVERSION = YES;
				CLANG_WARN_COMMA = YES;
				CLANG_WARN_CONSTANT_CONVERSION = YES;
				CLANG_WARN_DEPRECATED_OBJC_IMPLEMENTATIONS = YES;
				CLANG_WARN_DIRECT_OBJC_ISA_USAGE = YES_ERROR;
				CLANG_WARN_DOCUMENTATION_COMMENTS = YES;
				CLANG_WARN_EMPTY_BODY = YES;
				CLANG_WARN_ENUM_CONVERSION = YES;
				CLANG_WARN_INFINITE_RECURSION = YES;
				CLANG_WARN_INT_CONVERSION = YES;
				CLANG_WARN_NON_LITERAL_NULL_CONVERSION = YES;
				CLANG_WARN_OBJC_IMPLICIT_RETAIN_SELF = YES;
				CLANG_WARN_OBJC_LITERAL_CONVERSION = YES;
				CLANG_WARN_OBJC_ROOT_CLASS = YES_ERROR;
				CLANG_WARN_QUOTED_INCLUDE_IN_FRAMEWORK_HEADER = YES;
				CLANG_WARN_RANGE_LOOP_ANALYSIS = YES;
				CLANG_WARN_STRICT_PROTOTYPES = YES;
				CLANG_WARN_SUSPICIOUS_MOVE = YES;
				CLANG_WARN_UNGUARDED_AVAILABILITY = YES_AGGRESSIVE;
				CLANG_WARN_UNREACHABLE_CODE = YES;
				CLANG_WARN__DUPLICATE_METHOD_MATCH = YES;
				COPY_PHASE_STRIP = NO;
				DEBUG_INFORMATION_FORMAT = "dwarf-with-dsym";
				ENABLE_NS_ASSERTIONS = NO;
				ENABLE_STRICT_OBJC_MSGSEND = YES;
				GCC_C_LANGUAGE_STANDARD = gnu11;
				GCC_NO_COMMON_BLOCKS = YES;
				GCC_WARN_64_TO_32_BIT_CONVERSION = YES;
				GCC_WARN_ABOUT_RETURN_TYPE = YES_ERROR;
				GCC_WARN_UNDECLARED_SELECTOR = YES;
				GCC_WARN_UNINITIALIZED_AUTOS = YES_AGGRESSIVE;
				GCC_WARN_UNUSED_FUNCTION = YES;
				GCC_WARN_UNUSED_VARIABLE = YES;
				IPHONEOS_DEPLOYMENT_TARGET = 14.5;
				MTL_ENABLE_DEBUG_INFO = NO;
				MTL_FAST_MATH = YES;
				SDKROOT = iphoneos;
				SWIFT_COMPILATION_MODE = wholemodule;
				SWIFT_OPTIMIZATION_LEVEL = "-O";
				VALIDATE_PRODUCT = YES;
			};
			name = Release;
		};
		0A76AD6C26B9C35900427B4C /* Debug */ = {
			isa = XCBuildConfiguration;
			buildSettings = {
				ASSETCATALOG_COMPILER_APPICON_NAME = AppIcon;
				ASSETCATALOG_COMPILER_GLOBAL_ACCENT_COLOR_NAME = AccentColor;
				CODE_SIGN_STYLE = Automatic;
				DEVELOPMENT_TEAM = MG3GMWN35N;
				INFOPLIST_FILE = ARBoost/Info.plist;
				LD_RUNPATH_SEARCH_PATHS = (
					"$(inherited)",
					"@executable_path/Frameworks",
				);
				LIBRARY_SEARCH_PATHS = (
					"$(inherited)",
					"$(PROJECT_DIR)/CardIO",
				);
				OTHER_LDFLAGS = (
					"-ObjC",
					"-lc++",
				);
				PRODUCT_BUNDLE_IDENTIFIER = com.mertgokcen.ARBoost;
				PRODUCT_NAME = "$(TARGET_NAME)";
				SWIFT_OBJC_BRIDGING_HEADER = "ARBoost/ARBoost-Bridging-Header.h";
				SWIFT_VERSION = 5.0;
				TARGETED_DEVICE_FAMILY = "1,2";
			};
			name = Debug;
		};
		0A76AD6D26B9C35900427B4C /* Release */ = {
			isa = XCBuildConfiguration;
			buildSettings = {
				ASSETCATALOG_COMPILER_APPICON_NAME = AppIcon;
				ASSETCATALOG_COMPILER_GLOBAL_ACCENT_COLOR_NAME = AccentColor;
				CODE_SIGN_STYLE = Automatic;
				DEVELOPMENT_TEAM = MG3GMWN35N;
				INFOPLIST_FILE = ARBoost/Info.plist;
				LD_RUNPATH_SEARCH_PATHS = (
					"$(inherited)",
					"@executable_path/Frameworks",
				);
				LIBRARY_SEARCH_PATHS = (
					"$(inherited)",
					"$(PROJECT_DIR)/CardIO",
				);
				OTHER_LDFLAGS = (
					"-ObjC",
					"-lc++",
				);
				PRODUCT_BUNDLE_IDENTIFIER = com.mertgokcen.ARBoost;
				PRODUCT_NAME = "$(TARGET_NAME)";
				SWIFT_OBJC_BRIDGING_HEADER = "ARBoost/ARBoost-Bridging-Header.h";
				SWIFT_VERSION = 5.0;
				TARGETED_DEVICE_FAMILY = "1,2";
			};
			name = Release;
		};
/* End XCBuildConfiguration section */

/* Begin XCConfigurationList section */
		0A76AD5226B9C35400427B4C /* Build configuration list for PBXProject "ARBoost" */ = {
			isa = XCConfigurationList;
			buildConfigurations = (
				0A76AD6926B9C35900427B4C /* Debug */,
				0A76AD6A26B9C35900427B4C /* Release */,
			);
			defaultConfigurationIsVisible = 0;
			defaultConfigurationName = Release;
		};
		0A76AD6B26B9C35900427B4C /* Build configuration list for PBXNativeTarget "ARBoost" */ = {
			isa = XCConfigurationList;
			buildConfigurations = (
				0A76AD6C26B9C35900427B4C /* Debug */,
				0A76AD6D26B9C35900427B4C /* Release */,
			);
			defaultConfigurationIsVisible = 0;
			defaultConfigurationName = Release;
		};
/* End XCConfigurationList section */
	};
	rootObject = 0A76AD4F26B9C35400427B4C /* Project object */;
}
